
Microsoft Visual Studio Solution File, Format Version 12.00
# Visual Studio 2015
Project("{FAE04EC0-301F-11D3-BF4B-00C04F79EFBC}") = "Stock-Value-Calculator.CSharp", "Stock-Value-Calculator.CSharp.csproj", "{B6B27F24-2825-DD4F-B33A-C08665D8258F}"
EndProject
Global
	GlobalSection(SolutionConfigurationPlatforms) = preSolution
		Debug|Any CPU = Debug|Any CPU
		Release|Any CPU = Release|Any CPU
	EndGlobalSection
	GlobalSection(ProjectConfigurationPlatforms) = postSolution
		{B6B27F24-2825-DD4F-B33A-C08665D8258F}.Debug|Any CPU.ActiveCfg = Debug|Any CPU
		{B6B27F24-2825-DD4F-B33A-C08665D8258F}.Debug|Any CPU.Build.0 = Debug|Any CPU
		{B6B27F24-2825-DD4F-B33A-C08665D8258F}.Release|Any CPU.ActiveCfg = Release|Any CPU
		{B6B27F24-2825-DD4F-B33A-C08665D8258F}.Release|Any CPU.Build.0 = Release|Any CPU
	EndGlobalSection
	GlobalSection(SolutionProperties) = preSolution
		HideSolutionNode = FALSE
	EndGlobalSection
EndGlobal
